# This file is automatically @generated by Cargo.
# It is not intended for manual editing.
version = 3

[[package]]
name = "aho-corasick"
version = "0.7.18"
source = "registry+https://github.com/rust-lang/crates.io-index"
checksum = "1e37cfd5e7657ada45f742d6e99ca5788580b5c529dc78faf11ece6dc702656f"
dependencies = [
 "memchr",
]

[[package]]
name = "arbitrary"
version = "1.1.0"
source = "registry+https://github.com/rust-lang/crates.io-index"
checksum = "c38b6b6b79f671c25e1a3e785b7b82d7562ffc9cd3efdc98627e5668a2472490"
dependencies = [
 "derive_arbitrary",
]

[[package]]
name = "arrayvec"
version = "0.5.2"
source = "registry+https://github.com/rust-lang/crates.io-index"
checksum = "23b62fc65de8e4e7f52534fb52b0f3ed04746ae267519eef2a83941e8085068b"

[[package]]
name = "atty"
version = "0.2.14"
source = "registry+https://github.com/rust-lang/crates.io-index"
checksum = "d9b39be18770d11421cdb1b9947a45dd3f37e93092cbf377614828a319d5fee8"
dependencies = [
 "hermit-abi",
 "libc",
 "winapi",
]

[[package]]
name = "autocfg"
version = "1.1.0"

[[package]]
name = "baldrdash"
version = "0.1.0"
dependencies = [
 "bindgen",
 "cranelift-codegen",
 "cranelift-wasm",
 "env_logger",
 "log",
 "mozbuild",
 "smallvec",
]

[[package]]
name = "bindgen"
version = "0.56.0"
source = "registry+https://github.com/rust-lang/crates.io-index"
checksum = "2da379dbebc0b76ef63ca68d8fc6e71c0f13e59432e0987e508c1820e6ab5239"
dependencies = [
 "bitflags",
 "cexpr",
 "clang-sys",
 "lazy_static",
 "lazycell",
 "peeking_take_while",
 "proc-macro2",
 "quote",
 "regex",
 "rustc-hash",
 "shlex",
]

[[package]]
name = "bitflags"
version = "1.3.2"
source = "registry+https://github.com/rust-lang/crates.io-index"
checksum = "bef38d45163c2f1dde094a7dfd33ccf595c92905c8f8f4fdc18d06fb1037718a"

[[package]]
name = "bumpalo"
version = "3.9.1"
source = "registry+https://github.com/rust-lang/crates.io-index"
checksum = "a4a45a46ab1f2412e53d3a0ade76ffad2025804294569aae387231a0cd6e0899"

[[package]]
name = "byteorder"
version = "1.4.3"
source = "registry+https://github.com/rust-lang/crates.io-index"
checksum = "14c189c53d098945499cdfa7ecc63567cf3886b3332b312a5b4585d8d3a6a610"

[[package]]
name = "cc"
version = "1.0.73"
source = "registry+https://github.com/rust-lang/crates.io-index"
checksum = "2fff2a6927b3bb87f9595d67196a70493f627687a71d87a0d692242c33f58c11"

[[package]]
name = "cexpr"
version = "0.4.0"
source = "registry+https://github.com/rust-lang/crates.io-index"
checksum = "f4aedb84272dbe89af497cf81375129abda4fc0a9e7c5d317498c15cc30c0d27"
dependencies = [
 "nom",
]

[[package]]
name = "cfg-if"
version = "1.0.0"
source = "registry+https://github.com/rust-lang/crates.io-index"
checksum = "baf1de4339761588bc0619e3cbc0120ee582ebb74b53b4efbf79117bd2da40fd"

[[package]]
name = "clang-sys"
version = "1.3.2"
source = "registry+https://github.com/rust-lang/crates.io-index"
checksum = "bf6b561dcf059c85bbe388e0a7b0a1469acb3934cc0cfa148613a830629e3049"
dependencies = [
 "glob",
 "libc",
 "libloading",
]

[[package]]
name = "cranelift-bforest"
version = "0.74.0"
source = "registry+https://github.com/rust-lang/crates.io-index"
checksum = "c8ca3560686e7c9c7ed7e0fe77469f2410ba5d7781b1acaa9adc8d8deea28e3e"
dependencies = [
 "cranelift-entity",
]

[[package]]
name = "cranelift-codegen"
version = "0.74.0"
source = "registry+https://github.com/rust-lang/crates.io-index"
checksum = "baf9bf1ffffb6ce3d2e5ebc83549bd2436426c99b31cc550d521364cbe35d276"
dependencies = [
 "cranelift-bforest",
 "cranelift-codegen-meta",
 "cranelift-codegen-shared",
 "cranelift-entity",
 "log",
 "regalloc",
 "smallvec",
 "target-lexicon",
]

[[package]]
name = "cranelift-codegen-meta"
version = "0.74.0"
source = "registry+https://github.com/rust-lang/crates.io-index"
checksum = "4cc21936a5a6d07e23849ffe83e5c1f6f50305c074f4b2970ca50c13bf55b821"
dependencies = [
 "cranelift-codegen-shared",
 "cranelift-entity",
]

[[package]]
name = "cranelift-codegen-shared"
version = "0.74.0"
source = "registry+https://github.com/rust-lang/crates.io-index"
checksum = "ca5b6ffaa87560bebe69a5446449da18090b126037920b0c1c6d5945f72faf6b"

[[package]]
name = "cranelift-entity"
version = "0.74.0"
source = "registry+https://github.com/rust-lang/crates.io-index"
checksum = "7d6b4a8bef04f82e4296782646f733c641d09497df2fabf791323fefaa44c64c"

[[package]]
name = "cranelift-frontend"
version = "0.74.0"
source = "registry+https://github.com/rust-lang/crates.io-index"
checksum = "c31b783b351f966fce33e3c03498cb116d16d97a8f9978164a60920bd0d3a99c"
dependencies = [
 "cranelift-codegen",
 "log",
 "smallvec",
 "target-lexicon",
]

[[package]]
name = "cranelift-wasm"
version = "0.74.0"
source = "registry+https://github.com/rust-lang/crates.io-index"
checksum = "edb6d408e2da77cdbbd65466298d44c86ae71c1785d2ab0d8657753cdb4d9d89"
dependencies = [
 "cranelift-codegen",
 "cranelift-entity",
 "cranelift-frontend",
 "itertools",
 "log",
 "smallvec",
 "thiserror",
 "wasmparser",
]

[[package]]
name = "derive_arbitrary"
version = "1.1.0"
source = "registry+https://github.com/rust-lang/crates.io-index"
checksum = "98e23c06c035dac87bd802d98f368df73a7f2cb05a66ffbd1f377e821fac4af9"
dependencies = [
 "proc-macro2",
 "quote",
 "syn",
]

[[package]]
name = "either"
version = "1.6.1"
source = "registry+https://github.com/rust-lang/crates.io-index"
checksum = "e78d4f1cc4ae33bbfc157ed5d5a5ef3bc29227303d595861deb238fcec4e9457"

[[package]]
name = "encoding_c"
version = "0.9.8"
source = "registry+https://github.com/rust-lang/crates.io-index"
checksum = "9af727805f3b0d79956bde5b35732669fb5c5d45a94893798e7b7e70cfbf9cc1"
dependencies = [
 "encoding_rs",
]

[[package]]
name = "encoding_c_mem"
version = "0.2.6"
source = "registry+https://github.com/rust-lang/crates.io-index"
checksum = "3a80a16821fe8c7cab96e0c67b57cd7090e021e9615e6ce6ab0cf866c44ed1f0"
dependencies = [
 "encoding_rs",
]

[[package]]
name = "encoding_rs"
version = "0.8.31"
source = "registry+https://github.com/rust-lang/crates.io-index"
checksum = "9852635589dc9f9ea1b6fe9f05b50ef208c85c834a562f0c6abb1c475736ec2b"
dependencies = [
 "cfg-if",
 "packed_simd_2",
]

[[package]]
name = "env_logger"
version = "0.8.4"
source = "registry+https://github.com/rust-lang/crates.io-index"
checksum = "a19187fea3ac7e84da7dacf48de0c45d63c6a76f9490dae389aead16c243fce3"
dependencies = [
 "atty",
 "humantime",
 "log",
 "regex",
 "termcolor",
]

[[package]]
name = "glob"
version = "0.3.0"
source = "registry+https://github.com/rust-lang/crates.io-index"
checksum = "9b919933a397b79c37e33b77bb2aa3dc8eb6e165ad809e58ff75bc7db2e34574"

[[package]]
name = "gluesmith"
version = "0.1.0"
dependencies = [
 "arbitrary",
 "libc",
 "wasm-smith",
]

[[package]]
name = "hashbrown"
version = "0.9.1"
source = "registry+https://github.com/rust-lang/crates.io-index"
checksum = "d7afe4a420e3fe79967a00898cc1f4db7c8a49a9333a29f8a4bd76a253d5cd04"

[[package]]
name = "hermit-abi"
version = "0.1.19"
source = "registry+https://github.com/rust-lang/crates.io-index"
checksum = "62b467343b94ba476dcb2500d242dadbb39557df889310ac77c5d99100aaac33"
dependencies = [
 "libc",
]

[[package]]
name = "humantime"
version = "2.1.0"
source = "registry+https://github.com/rust-lang/crates.io-index"
checksum = "9a3a5bfb195931eeb336b2a7b4d761daec841b97f947d34394601737a7bba5e4"

[[package]]
name = "indexmap"
version = "1.6.2"
source = "registry+https://github.com/rust-lang/crates.io-index"
checksum = "824845a0bf897a9042383849b02c1bc219c2383772efcd5c6f9766fa4b81aef3"
dependencies = [
 "autocfg",
 "hashbrown",
]

[[package]]
name = "itertools"
version = "0.10.3"
source = "registry+https://github.com/rust-lang/crates.io-index"
checksum = "a9a9d19fa1e79b6215ff29b9d6880b706147f16e9b1dbb1e4e5947b5b02bc5e3"
dependencies = [
 "either",
]

[[package]]
name = "jsparagus"
version = "0.1.0"
source = "git+https://github.com/mozilla-spidermonkey/jsparagus?rev=8e3bb9d83bf0d503279a1ffde104337d1ef18703#8e3bb9d83bf0d503279a1ffde104337d1ef18703"
dependencies = [
 "jsparagus-ast",
 "jsparagus-emitter",
 "jsparagus-generated-parser",
 "jsparagus-json-log",
 "jsparagus-parser",
 "jsparagus-scope",
 "jsparagus-stencil",
]

[[package]]
name = "jsparagus-ast"
version = "0.1.0"
source = "git+https://github.com/mozilla-spidermonkey/jsparagus?rev=8e3bb9d83bf0d503279a1ffde104337d1ef18703#8e3bb9d83bf0d503279a1ffde104337d1ef18703"
dependencies = [
 "bumpalo",
 "indexmap",
]

[[package]]
name = "jsparagus-emitter"
version = "0.1.0"
source = "git+https://github.com/mozilla-spidermonkey/jsparagus?rev=8e3bb9d83bf0d503279a1ffde104337d1ef18703#8e3bb9d83bf0d503279a1ffde104337d1ef18703"
dependencies = [
 "bumpalo",
 "byteorder",
 "indexmap",
 "jsparagus-ast",
 "jsparagus-scope",
 "jsparagus-stencil",
]

[[package]]
name = "jsparagus-generated-parser"
version = "0.1.0"
source = "git+https://github.com/mozilla-spidermonkey/jsparagus?rev=8e3bb9d83bf0d503279a1ffde104337d1ef18703#8e3bb9d83bf0d503279a1ffde104337d1ef18703"
dependencies = [
 "bumpalo",
 "jsparagus-ast",
 "static_assertions",
]

[[package]]
name = "jsparagus-json-log"
version = "0.1.0"
source = "git+https://github.com/mozilla-spidermonkey/jsparagus?rev=8e3bb9d83bf0d503279a1ffde104337d1ef18703#8e3bb9d83bf0d503279a1ffde104337d1ef18703"

[[package]]
name = "jsparagus-parser"
version = "0.1.0"
source = "git+https://github.com/mozilla-spidermonkey/jsparagus?rev=8e3bb9d83bf0d503279a1ffde104337d1ef18703#8e3bb9d83bf0d503279a1ffde104337d1ef18703"
dependencies = [
 "arrayvec",
 "bumpalo",
 "jsparagus-ast",
 "jsparagus-generated-parser",
 "jsparagus-json-log",
]

[[package]]
name = "jsparagus-scope"
version = "0.1.0"
source = "git+https://github.com/mozilla-spidermonkey/jsparagus?rev=8e3bb9d83bf0d503279a1ffde104337d1ef18703#8e3bb9d83bf0d503279a1ffde104337d1ef18703"
dependencies = [
 "indexmap",
 "jsparagus-ast",
 "jsparagus-stencil",
]

[[package]]
name = "jsparagus-stencil"
version = "0.1.0"
source = "git+https://github.com/mozilla-spidermonkey/jsparagus?rev=8e3bb9d83bf0d503279a1ffde104337d1ef18703#8e3bb9d83bf0d503279a1ffde104337d1ef18703"
dependencies = [
 "jsparagus-ast",
]

[[package]]
name = "jsrust"
version = "0.1.0"
dependencies = [
 "jsrust_shared",
 "mozglue-static",
 "wasmparser",
 "wat",
]

[[package]]
name = "jsrust_shared"
version = "0.1.0"
dependencies = [
 "baldrdash",
 "encoding_c",
 "encoding_c_mem",
 "gluesmith",
 "mozglue-static",
 "mozilla-central-workspace-hack",
 "smoosh",
]

[[package]]
name = "lazy_static"
version = "1.4.0"
source = "registry+https://github.com/rust-lang/crates.io-index"
checksum = "e2abad23fbc42b3700f2f279844dc832adb2b2eb069b2df918f455c4e18cc646"

[[package]]
name = "lazycell"
version = "1.3.0"
source = "registry+https://github.com/rust-lang/crates.io-index"
checksum = "830d08ce1d1d941e6b30645f1a0eb5643013d835ce3779a5fc208261dbe10f55"

[[package]]
name = "leb128"
version = "0.2.5"
source = "registry+https://github.com/rust-lang/crates.io-index"
checksum = "884e2677b40cc8c339eaefcb701c32ef1fd2493d71118dc0ca4b6a736c93bd67"

[[package]]
name = "libc"
version = "0.2.126"
source = "registry+https://github.com/rust-lang/crates.io-index"
checksum = "349d5a591cd28b49e1d1037471617a32ddcda5731b99419008085f72d5a53836"

[[package]]
name = "libloading"
version = "0.7.3"
source = "registry+https://github.com/rust-lang/crates.io-index"
checksum = "efbc0f03f9a775e9f6aed295c6a1ba2253c5757a9e03d55c6caa46a681abcddd"
dependencies = [
 "cfg-if",
 "winapi",
]

[[package]]
name = "log"
version = "0.4.14"
source = "registry+https://github.com/rust-lang/crates.io-index"
checksum = "51b9bbe6c47d51fc3e1a9b945965946b4c44142ab8792c50835a980d362c2710"
dependencies = [
 "cfg-if",
]

[[package]]
name = "memchr"
version = "2.5.0"
source = "registry+https://github.com/rust-lang/crates.io-index"
checksum = "2dffe52ecf27772e601905b7522cb4ef790d2cc203488bbd0e2fe85fcb74566d"

[[package]]
name = "mozbuild"
version = "0.1.0"
dependencies = [
 "once_cell",
]

[[package]]
name = "mozglue-static"
version = "0.1.0"
dependencies = [
 "arrayvec",
 "cc",
 "mozbuild",
 "rustc_version",
]

[[package]]
name = "mozilla-central-workspace-hack"
version = "0.1.0"
dependencies = [
 "bindgen",
 "libc",
 "quote",
 "serde",
 "serde_derive",
 "syn",
 "void",
 "winapi",
]

[[package]]
name = "nom"
version = "5.1.2"
source = "registry+https://github.com/rust-lang/crates.io-index"
checksum = "ffb4262d26ed83a1c0a33a38fe2bb15797329c85770da05e6b828ddb782627af"
dependencies = [
 "memchr",
 "version_check",
]

[[package]]
name = "once_cell"
version = "1.10.0"
source = "registry+https://github.com/rust-lang/crates.io-index"
checksum = "87f3e037eac156d1775da914196f0f37741a274155e34a0b7e427c35d2a2ecb9"

[[package]]
name = "packed_simd_2"
version = "0.3.7"
source = "git+https://github.com/hsivonen/packed_simd?rev=c149d0a519bf878567c7630096737669ec2ff15f#c149d0a519bf878567c7630096737669ec2ff15f"
dependencies = [
 "cfg-if",
]

[[package]]
name = "peeking_take_while"
version = "0.1.2"
source = "registry+https://github.com/rust-lang/crates.io-index"
checksum = "19b17cddbe7ec3f8bc800887bab5e717348c95ea2ca0b1bf0837fb964dc67099"

[[package]]
name = "proc-macro2"
version = "1.0.38"
source = "registry+https://github.com/rust-lang/crates.io-index"
checksum = "9027b48e9d4c9175fa2218adf3557f91c1137021739951d4932f5f8268ac48aa"
dependencies = [
 "unicode-xid",
]

[[package]]
name = "quote"
version = "1.0.18"
source = "registry+https://github.com/rust-lang/crates.io-index"
checksum = "a1feb54ed693b93a84e14094943b84b7c4eae204c512b7ccb95ab0c66d278ad1"
dependencies = [
 "proc-macro2",
]

[[package]]
name = "regalloc"
version = "0.0.31"
source = "registry+https://github.com/rust-lang/crates.io-index"
checksum = "571f7f397d61c4755285cd37853fe8e03271c243424a907415909379659381c5"
dependencies = [
 "log",
 "rustc-hash",
 "smallvec",
]

[[package]]
name = "regex"
version = "1.5.5"
source = "registry+https://github.com/rust-lang/crates.io-index"
checksum = "1a11647b6b25ff05a515cb92c365cec08801e83423a235b51e231e1808747286"
dependencies = [
 "aho-corasick",
 "memchr",
 "regex-syntax",
]

[[package]]
name = "regex-syntax"
version = "0.6.25"
source = "registry+https://github.com/rust-lang/crates.io-index"
checksum = "f497285884f3fcff424ffc933e56d7cbca511def0c9831a7f9b5f6153e3cc89b"

[[package]]
name = "rustc-hash"
version = "1.1.0"
source = "registry+https://github.com/rust-lang/crates.io-index"
checksum = "08d43f7aa6b08d49f382cde6a7982047c3426db949b1424bc4b7ec9ae12c6ce2"

[[package]]
name = "rustc_version"
version = "0.2.3"
source = "registry+https://github.com/rust-lang/crates.io-index"
checksum = "138e3e0acb6c9fb258b19b67cb8abd63c00679d2851805ea151465464fe9030a"
dependencies = [
 "semver",
]

[[package]]
name = "semver"
version = "0.9.0"
source = "registry+https://github.com/rust-lang/crates.io-index"
checksum = "1d7eb9ef2c18661902cc47e535f9bc51b78acd254da71d375c2f6720d9a40403"
dependencies = [
 "semver-parser",
]

[[package]]
name = "semver-parser"
version = "0.7.0"
source = "registry+https://github.com/rust-lang/crates.io-index"
checksum = "388a1df253eca08550bef6c72392cfe7c30914bf41df5269b68cbd6ff8f570a3"

[[package]]
name = "serde"
version = "1.0.136"
source = "registry+https://github.com/rust-lang/crates.io-index"
checksum = "ce31e24b01e1e524df96f1c2fdd054405f8d7376249a5110886fb4b658484789"
dependencies = [
 "serde_derive",
]

[[package]]
name = "serde_derive"
version = "1.0.136"
source = "registry+https://github.com/rust-lang/crates.io-index"
checksum = "08597e7152fcd306f41838ed3e37be9eaeed2b61c42e2117266a554fab4662f9"
dependencies = [
 "proc-macro2",
 "quote",
 "syn",
]

[[package]]
name = "shlex"
version = "0.1.1"
source = "registry+https://github.com/rust-lang/crates.io-index"
checksum = "7fdf1b9db47230893d76faad238fd6097fd6d6a9245cd7a4d90dbd639536bbd2"

[[package]]
name = "smallvec"
version = "1.8.0"
source = "registry+https://github.com/rust-lang/crates.io-index"
checksum = "f2dd574626839106c320a323308629dcb1acfc96e32a8cba364ddc61ac23ee83"

[[package]]
name = "smoosh"
version = "0.1.0"
dependencies = [
 "bumpalo",
 "env_logger",
 "jsparagus",
 "log",
]

[[package]]
name = "static_assertions"
version = "1.1.0"
source = "registry+https://github.com/rust-lang/crates.io-index"
checksum = "a2eb9349b6444b326872e140eb1cf5e7c522154d69e7a0ffb0fb81c06b37543f"

[[package]]
name = "syn"
version = "1.0.94"
source = "registry+https://github.com/rust-lang/crates.io-index"
checksum = "a07e33e919ebcd69113d5be0e4d70c5707004ff45188910106854f38b960df4a"
dependencies = [
 "proc-macro2",
 "quote",
 "unicode-xid",
]

[[package]]
name = "target-lexicon"
version = "0.12.3"
source = "registry+https://github.com/rust-lang/crates.io-index"
checksum = "d7fa7e55043acb85fca6b3c01485a2eeb6b69c5d21002e273c79e465f43b7ac1"

[[package]]
name = "termcolor"
version = "1.1.3"
source = "registry+https://github.com/rust-lang/crates.io-index"
checksum = "bab24d30b911b2376f3a13cc2cd443142f0c81dda04c118693e35b3835757755"
dependencies = [
 "winapi-util",
]

[[package]]
name = "thiserror"
version = "1.0.31"
source = "registry+https://github.com/rust-lang/crates.io-index"
checksum = "bd829fe32373d27f76265620b5309d0340cb8550f523c1dda251d6298069069a"
dependencies = [
 "thiserror-impl",
]

[[package]]
name = "thiserror-impl"
version = "1.0.31"
source = "registry+https://github.com/rust-lang/crates.io-index"
checksum = "0396bc89e626244658bef819e22d0cc459e795a5ebe878e6ec336d1674a8d79a"
dependencies = [
 "proc-macro2",
 "quote",
 "syn",
]

[[package]]
name = "unicode-width"
version = "0.1.9"
source = "registry+https://github.com/rust-lang/crates.io-index"
checksum = "3ed742d4ea2bd1176e236172c8429aaf54486e7ac098db29ffe6529e0ce50973"

[[package]]
name = "unicode-xid"
version = "0.2.3"
source = "registry+https://github.com/rust-lang/crates.io-index"
checksum = "957e51f3646910546462e67d5f7599b9e4fb8acdd304b087a6494730f9eebf04"

[[package]]
name = "version_check"
version = "0.9.4"
source = "registry+https://github.com/rust-lang/crates.io-index"
checksum = "49874b5167b65d7193b8aba1567f5c7d93d001cafc34600cee003eda787e483f"

[[package]]
name = "void"
version = "1.0.2"
source = "registry+https://github.com/rust-lang/crates.io-index"
checksum = "6a02e4885ed3bc0f2de90ea6dd45ebcbb66dacffe03547fadbb0eeae2770887d"

[[package]]
name = "wasm-encoder"
version = "0.7.0"
source = "registry+https://github.com/rust-lang/crates.io-index"
checksum = "49cfbd7c23474849807ecde008c82eb38d303b07ec61d48f45b65f3c8cdd2770"
dependencies = [
 "leb128",
]

[[package]]
name = "wasm-smith"
version = "0.8.0"
source = "registry+https://github.com/rust-lang/crates.io-index"
checksum = "440458e050ee2731e85af3368ee58e23d4728d597809a88f841a24778876f2b6"
dependencies = [
 "arbitrary",
 "indexmap",
 "leb128",
 "wasm-encoder",
]

[[package]]
name = "wasmparser"
version = "0.78.2"
source = "registry+https://github.com/rust-lang/crates.io-index"
checksum = "52144d4c78e5cf8b055ceab8e5fa22814ce4315d6002ad32cfd914f37c12fd65"

[[package]]
name = "wast"
version = "39.0.0"
source = "registry+https://github.com/rust-lang/crates.io-index"
checksum = "e9bbbd53432b267421186feee3e52436531fa69a7cfee9403f5204352df3dd05"
dependencies = [
 "leb128",
 "memchr",
 "unicode-width",
]

[[package]]
name = "wat"
version = "1.0.41"
source = "registry+https://github.com/rust-lang/crates.io-index"
checksum = "ab98ed25494f97c69f28758617f27c3e92e5336040b5c3a14634f2dd3fe61830"
dependencies = [
 "wast",
]

[[package]]
name = "winapi"
version = "0.3.9"
source = "registry+https://github.com/rust-lang/crates.io-index"
checksum = "5c839a674fcd7a98952e593242ea400abe93992746761e38641405d28b00f419"
dependencies = [
 "winapi-i686-pc-windows-gnu",
 "winapi-x86_64-pc-windows-gnu",
]

[[package]]
name = "winapi-i686-pc-windows-gnu"
version = "0.4.0"
source = "registry+https://github.com/rust-lang/crates.io-index"
checksum = "ac3b87c63620426dd9b991e5ce0329eff545bccbbb34f3be09ff6fb6ab51b7b6"

[[package]]
name = "winapi-util"
version = "0.1.5"
source = "registry+https://github.com/rust-lang/crates.io-index"
checksum = "70ec6ce85bb158151cae5e5c87f95a8e97d2c0c4b001223f33a334e3ce5de178"
dependencies = [
 "winapi",
]

[[package]]
name = "winapi-x86_64-pc-windows-gnu"
version = "0.4.0"
source = "registry+https://github.com/rust-lang/crates.io-index"
checksum = "712e227841d057c1ee1cd2fb22fa7e5a5461ae8e48fa2ca79ec42cfc1931183f"

[[patch.unused]]
name = "async-task"
version = "4.0.3"
source = "git+https://github.com/smol-rs/async-task?rev=f6488e35beccb26eb6e85847b02aa78a42cd3d0e#f6488e35beccb26eb6e85847b02aa78a42cd3d0e"

[[patch.unused]]
name = "chardetng"
version = "0.1.9"
source = "git+https://github.com/hsivonen/chardetng?rev=3484d3e3ebdc8931493aa5df4d7ee9360a90e76b#3484d3e3ebdc8931493aa5df4d7ee9360a90e76b"

[[patch.unused]]
name = "chardetng_c"
version = "0.1.2"
source = "git+https://github.com/hsivonen/chardetng_c?rev=ed8a4c6f900a90d4dbc1d64b856e61490a1c3570#ed8a4c6f900a90d4dbc1d64b856e61490a1c3570"

[[patch.unused]]
name = "cmake"
version = "0.1.999"

[[patch.unused]]
name = "coremidi"
version = "0.6.0"
source = "git+https://github.com/chris-zen/coremidi.git?rev=fc68464b5445caf111e41f643a2e69ccce0b4f83#fc68464b5445caf111e41f643a2e69ccce0b4f83"

[[patch.unused]]
name = "itoa"
version = "0.4.999"

[[patch.unused]]
name = "js-sys"
version = "0.3.100"

[[patch.unused]]
name = "midir"
version = "0.7.0"
source = "git+https://github.com/mozilla/midir.git?rev=4c11f0ffb5d6a10de4aff40a7b81218b33b94e6f#4c11f0ffb5d6a10de4aff40a7b81218b33b94e6f"

[[patch.unused]]
name = "minidump_writer_linux"
version = "0.1.0"
source = "git+https://github.com/rust-minidump/minidump-writer.git?rev=75ada456c92a429704691a85e1cb42fef8cafc0d#75ada456c92a429704691a85e1cb42fef8cafc0d"

[[patch.unused]]
name = "mio"
version = "0.6.23"

[[patch.unused]]
name = "slotmap"
version = "1.100.0"

[[patch.unused]]
name = "vcpkg"
version = "0.2.999"

[[patch.unused]]
name = "wasm-bindgen"
version = "0.2.100"

[[patch.unused]]
name = "web-sys"
version = "0.3.100"
